<?xml version="1.0" encoding="utf-8"?>
<Project ToolsVersion="4.0" xmlns="http://schemas.microsoft.com/developer/msbuild/2003">
  <ItemGroup>
    <Filter Include="Source Files">
      <UniqueIdentifier>{4FC737F1-C7A5-4376-A066-2A32D752A2FF}</UniqueIdentifier>
      <Extensions>cpp;c;cc;cxx;c++;def;odl;idl;hpj;bat;asm;asmx</Extensions>
    </Filter>
    <Filter Include="Header Files">
      <UniqueIdentifier>{93995380-89BD-4b04-88EB-625FBE52EBFB}</UniqueIdentifier>
      <Extensions>h;hh;hpp;hxx;h++;hm;inl;inc;ipp;xsd</Extensions>
    </Filter>
    <Filter Include="Resource Files">
      <UniqueIdentifier>{67DA6AB6-F800-4c08-8B7A-83BB121AAD01}</UniqueIdentifier>
      <Extensions>rc;ico;cur;bmp;dlg;rc2;rct;bin;rgs;gif;jpg;jpeg;jpe;resx;tiff;tif;png;wav;mfcribbon-ms</Extensions>
    </Filter>
  </ItemGroup>
  <ItemGroup>
    <ClCompile Include="flavourfunc.cpp">
      <Filter>Source Files</Filter>
    </ClCompile>
    <ClCompile Include="crust.cpp">
      <Filter>Source Files</Filter>
    </ClCompile>
    <ClCompile Include="italian.cpp">
      <Filter>Source Files</Filter>
    </ClCompile>
    <ClCompile Include="tikka.cpp">
      <Filter>Source Files</Filter>
    </ClCompile>
    <ClCompile Include="fajita.cpp">
      <Filter>Source Files</Filter>
    </ClCompile>
    <ClCompile Include="chilli_delight.cpp">
      <Filter>Source Files</Filter>
    </ClCompile>
    <ClCompile Include="bbq_buzz.cpp">
      <Filter>Source Files</Filter>
    </ClCompile>
    <ClCompile Include="seekh_kebab.cpp">
      <Filter>Source Files</Filter>
    </ClCompile>
    <ClCompile Include="The_cheese.cpp">
      <Filter>Source Files</Filter>
    </ClCompile>
    <ClCompile Include="veggie_delight.cpp">
      <Filter>Source Files</Filter>
    </ClCompile>
    <ClCompile Include="neapolitan.cpp">
      <Filter>Source Files</Filter>
    </ClCompile>
    <ClCompile Include="newyork.cpp">
      <Filter>Source Files</Filter>
    </ClCompile>
    <ClCompile Include="deepdish.cpp">
      <Filter>Source Files</Filter>
    </ClCompile>
    <ClCompile Include="focacia.cpp">
      <Filter>Source Files</Filter>
    </ClCompile>
    <ClCompile Include="sicilian.cpp">
      <Filter>Source Files</Filter>
    </ClCompile>
    <ClCompile Include="stlouis.cpp">
      <Filter>Source Files</Filter>
    </ClCompile>
    <ClCompile Include="stuffed.cpp">
      <Filter>Source Files</Filter>
    </ClCompile>
    <ClCompile Include="Main.cpp">
      <Filter>Source Files</Filter>
    </ClCompile>
    <ClCompile Include="Toping.cpp">
      <Filter>Source Files</Filter>
    </ClCompile>
    <ClCompile Include="Pepperoni.cpp">
      <Filter>Source Files</Filter>
    </ClCompile>
    <ClCompile Include="Mashroom.cpp">
      <Filter>Source Files</Filter>
    </ClCompile>
    <ClCompile Include="Chicken.cpp">
      <Filter>Source Files</Filter>
    </ClCompile>
    <ClCompile Include="Beef.cpp">
      <Filter>Source Files</Filter>
    </ClCompile>
    <ClCompile Include="Extra_Cheez.cpp">
      <Filter>Source Files</Filter>
    </ClCompile>
    <ClCompile Include="Sausage.cpp">
      <Filter>Source Files</Filter>
    </ClCompile>
    <ClCompile Include="Add_On.cpp">
      <Filter>Source Files</Filter>
    </ClCompile>
    <ClCompile Include="Pastry.cpp">
      <Filter>Source Files</Filter>
    </ClCompile>
    <ClCompile Include="Cold_Drink.cpp">
      <Filter>Source Files</Filter>
    </ClCompile>
    <ClCompile Include="Shakes.cpp">
      <Filter>Source Files</Filter>
    </ClCompile>
    <ClCompile Include="Ice_Cream.cpp">
      <Filter>Source Files</Filter>
    </ClCompile>
    <ClCompile Include="Order.cpp">
      <Filter>Source Files</Filter>
    </ClCompile>
    <ClCompile Include="Person.cpp">
      <Filter>Source Files</Filter>
    </ClCompile>
    <ClCompile Include="security.cpp">
      <Filter>Source Files</Filter>
    </ClCompile>
    <ClCompile Include="account.cpp">
      <Filter>Source Files</Filter>
    </ClCompile>
  </ItemGroup>
  <ItemGroup>
    <ClInclude Include="flavours.h">
      <Filter>Header Files</Filter>
    </ClInclude>
    <ClInclude Include="crust.h">
      <Filter>Header Files</Filter>
    </ClInclude>
    <ClInclude Include="italian.h">
      <Filter>Header Files</Filter>
    </ClInclude>
    <ClInclude Include="tikka.h">
      <Filter>Header Files</Filter>
    </ClInclude>
    <ClInclude Include="fajita.h">
      <Filter>Header Files</Filter>
    </ClInclude>
    <ClInclude Include="chilli_delight.h">
      <Filter>Header Files</Filter>
    </ClInclude>
    <ClInclude Include="bbq_buzz.h">
      <Filter>Header Files</Filter>
    </ClInclude>
    <ClInclude Include="seekh_kebab.h">
      <Filter>Header Files</Filter>
    </ClInclude>
    <ClInclude Include="The_cheese.h">
      <Filter>Header Files</Filter>
    </ClInclude>
    <ClInclude Include="veggie_delight.h">
      <Filter>Header Files</Filter>
    </ClInclude>
    <ClInclude Include="neapolitan.h">
      <Filter>Header Files</Filter>
    </ClInclude>
    <ClInclude Include="newyork.h">
      <Filter>Header Files</Filter>
    </ClInclude>
    <ClInclude Include="deepdish.h">
      <Filter>Header Files</Filter>
    </ClInclude>
    <ClInclude Include="focacia.h">
      <Filter>Header Files</Filter>
    </ClInclude>
    <ClInclude Include="sicilian.h">
      <Filter>Header Files</Filter>
    </ClInclude>
    <ClInclude Include="stlouis.h">
      <Filter>Header Files</Filter>
    </ClInclude>
    <ClInclude Include="stuffed.h">
      <Filter>Header Files</Filter>
    </ClInclude>
    <ClInclude Include="MyForm.h">
      <Filter>Header Files</Filter>
    </ClInclude>
    <ClInclude Include="Toping.h">
      <Filter>Header Files</Filter>
    </ClInclude>
    <ClInclude Include="Pepperoni.h">
      <Filter>Header Files</Filter>
    </ClInclude>
    <ClInclude Include="Mashroom.h">
      <Filter>Header Files</Filter>
    </ClInclude>
    <ClInclude Include="Chicken.h">
      <Filter>Header Files</Filter>
    </ClInclude>
    <ClInclude Include="Beef.h">
      <Filter>Header Files</Filter>
    </ClInclude>
    <ClInclude Include="Extra_Cheez.h">
      <Filter>Header Files</Filter>
    </ClInclude>
    <ClInclude Include="Sausage.h">
      <Filter>Header Files</Filter>
    </ClInclude>
    <ClInclude Include="Add_On.h">
      <Filter>Header Files</Filter>
    </ClInclude>
    <ClInclude Include="Pastry.h">
      <Filter>Header Files</Filter>
    </ClInclude>
    <ClInclude Include="Cold_Drink.h">
      <Filter>Header Files</Filter>
    </ClInclude>
    <ClInclude Include="Shakes.h">
      <Filter>Header Files</Filter>
    </ClInclude>
    <ClInclude Include="Ice_Cream.h">
      <Filter>Header Files</Filter>
    </ClInclude>
    <ClInclude Include="Header.h">
      <Filter>Header Files</Filter>
    </ClInclude>
    <ClInclude Include="Order.h">
      <Filter>Header Files</Filter>
    </ClInclude>
    <ClInclude Include="Person.h">
      <Filter>Header Files</Filter>
    </ClInclude>
    <ClInclude Include="security.h">
      <Filter>Header Files</Filter>
    </ClInclude>
    <ClInclude Include="account.h">
      <Filter>Header Files</Filter>
    </ClInclude>
  </ItemGroup>
</Project>